// !$*UTF8*$!
{
	archiveVersion = 1;
	classes = {
	};
	objectVersion = 60;
	objects = {

/* Begin PBXBuildFile section */
		100000000000000000000001 /* MusicAtlasControllerApp.swift in Sources */ = {isa = PBXBuildFile; fileRef = 100000000000000000000101 /* MusicAtlasControllerApp.swift */; };
		100000000000000000000002 /* AppModel.swift in Sources */ = {isa = PBXBuildFile; fileRef = 100000000000000000000102 /* AppModel.swift */; };
		100000000000000000000003 /* Mission.swift in Sources */ = {isa = PBXBuildFile; fileRef = 100000000000000000000103 /* Mission.swift */; };
		100000000000000000000004 /* ReactionSession.swift in Sources */ = {isa = PBXBuildFile; fileRef = 100000000000000000000104 /* ReactionSession.swift */; };
		100000000000000000000005 /* MissionLoader.swift in Sources */ = {isa = PBXBuildFile; fileRef = 100000000000000000000105 /* MissionLoader.swift */; };
		100000000000000000000006 /* MusicAuthorizationService.swift in Sources */ = {isa = PBXBuildFile; fileRef = 100000000000000000000106 /* MusicAuthorizationService.swift */; };
		100000000000000000000007 /* RootView.swift in Sources */ = {isa = PBXBuildFile; fileRef = 100000000000000000000107 /* RootView.swift */; };
		10000000000000000000003C /* CartenzaBrandMark.swift in Sources */ = {isa = PBXBuildFile; fileRef = 100000000000000000000134 /* CartenzaBrandMark.swift */; };
		100000000000000000000008 /* MissionListView.swift in Sources */ = {isa = PBXBuildFile; fileRef = 100000000000000000000108 /* MissionListView.swift */; };
		100000000000000000000009 /* MissionDetailView.swift in Sources */ = {isa = PBXBuildFile; fileRef = 100000000000000000000109 /* MissionDetailView.swift */; };
		10000000000000000000000A /* MusicAuthorizationPanel.swift in Sources */ = {isa = PBXBuildFile; fileRef = 10000000000000000000010A /* MusicAuthorizationPanel.swift */; };
		10000000000000000000000B /* ResolverStatusView.swift in Sources */ = {isa = PBXBuildFile; fileRef = 10000000000000000000010B /* ResolverStatusView.swift */; };
		10000000000000000000000C /* NowTestingView.swift in Sources */ = {isa = PBXBuildFile; fileRef = 10000000000000000000010C /* NowTestingView.swift */; };
		10000000000000000000000D /* ExportPreviewView.swift in Sources */ = {isa = PBXBuildFile; fileRef = 10000000000000000000010D /* ExportPreviewView.swift */; };
		10000000000000000000000F /* schema_mission_v0_2.json in Resources */ = {isa = PBXBuildFile; fileRef = 10000000000000000000010F /* schema_mission_v0_2.json */; };
		100000000000000000000010 /* schema_reaction_session_v0_2.json in Resources */ = {isa = PBXBuildFile; fileRef = 100000000000000000000110 /* schema_reaction_session_v0_2.json */; };
		100000000000000000000011 /* MusicSearchService.swift in Sources */ = {isa = PBXBuildFile; fileRef = 100000000000000000000114 /* MusicSearchService.swift */; };
		100000000000000000000012 /* ReactionStore.swift in Sources */ = {isa = PBXBuildFile; fileRef = 100000000000000000000115 /* ReactionStore.swift */; };
		100000000000000000000013 /* SessionExporter.swift in Sources */ = {isa = PBXBuildFile; fileRef = 100000000000000000000116 /* SessionExporter.swift */; };
		100000000000000000000014 /* MissionDecodingTests.swift in Sources */ = {isa = PBXBuildFile; fileRef = 100000000000000000000117 /* MissionDecodingTests.swift */; };
		100000000000000000000015 /* SessionExporterTests.swift in Sources */ = {isa = PBXBuildFile; fileRef = 100000000000000000000118 /* SessionExporterTests.swift */; };
		100000000000000000000016 /* sample_mission_love_tributaries_v0_2.json in Resources */ = {isa = PBXBuildFile; fileRef = 10000000000000000000010E /* sample_mission_love_tributaries_v0_2.json */; };
		100000000000000000000017 /* MusicPlaybackService.swift in Sources */ = {isa = PBXBuildFile; fileRef = 10000000000000000000011A /* MusicPlaybackService.swift */; };
		10000000000000000000001A /* MissionReviewView.swift in Sources */ = {isa = PBXBuildFile; fileRef = 10000000000000000000011C /* MissionReviewView.swift */; };
		10000000000000000000001D /* SessionPersistenceStore.swift in Sources */ = {isa = PBXBuildFile; fileRef = 10000000000000000000011E /* SessionPersistenceStore.swift */; };
		10000000000000000000001E /* Survey.swift in Sources */ = {isa = PBXBuildFile; fileRef = 10000000000000000000011F /* Survey.swift */; };
		10000000000000000000001F /* SurveyFixtureLibrary.swift in Sources */ = {isa = PBXBuildFile; fileRef = 100000000000000000000120 /* SurveyFixtureLibrary.swift */; };
		100000000000000000000020 /* SurveyStore.swift in Sources */ = {isa = PBXBuildFile; fileRef = 100000000000000000000121 /* SurveyStore.swift */; };
		100000000000000000000021 /* SurveyView.swift in Sources */ = {isa = PBXBuildFile; fileRef = 100000000000000000000122 /* SurveyView.swift */; };
		100000000000000000000022 /* SurveyTests.swift in Sources */ = {isa = PBXBuildFile; fileRef = 100000000000000000000123 /* SurveyTests.swift */; };
		100000000000000000000023 /* AppleMusicSignalPayload.swift in Sources */ = {isa = PBXBuildFile; fileRef = 100000000000000000000124 /* AppleMusicSignalPayload.swift */; };
		100000000000000000000024 /* AppleMusicSignalProbeService.swift in Sources */ = {isa = PBXBuildFile; fileRef = 100000000000000000000125 /* AppleMusicSignalProbeService.swift */; };
		100000000000000000000025 /* AppleMusicSignalProbeView.swift in Sources */ = {isa = PBXBuildFile; fileRef = 100000000000000000000126 /* AppleMusicSignalProbeView.swift */; };
		100000000000000000000026 /* SurveyArtworkService.swift in Sources */ = {isa = PBXBuildFile; fileRef = 100000000000000000000127 /* SurveyArtworkService.swift */; };
		100000000000000000000027 /* Assets.xcassets in Resources */ = {isa = PBXBuildFile; fileRef = 100000000000000000000128 /* Assets.xcassets */; };
		100000000000000000000028 /* alpha_compact_candidate_pool_alpha_v0.json in Resources */ = {isa = PBXBuildFile; fileRef = 100000000000000000000129 /* alpha_compact_candidate_pool_alpha_v0.json */; };
		100000000000000000000029 /* alpha_compact_candidate_pool_alpha_v0.json in Resources */ = {isa = PBXBuildFile; fileRef = 100000000000000000000129 /* alpha_compact_candidate_pool_alpha_v0.json */; };
		10000000000000000000002D /* AlphaDynamicSurveyPageProvider.swift in Sources */ = {isa = PBXBuildFile; fileRef = 10000000000000000000012C /* AlphaDynamicSurveyPageProvider.swift */; };
		10000000000000000000002E /* survey_artist_candidates_v0_2.json in Resources */ = {isa = PBXBuildFile; fileRef = 10000000000000000000012D /* survey_artist_candidates_v0_2.json */; };
		10000000000000000000002F /* survey_album_candidates_v0_2.json in Resources */ = {isa = PBXBuildFile; fileRef = 10000000000000000000012E /* survey_album_candidates_v0_2.json */; };
		100000000000000000000030 /* survey_song_candidates_v0_2.json in Resources */ = {isa = PBXBuildFile; fileRef = 10000000000000000000012F /* survey_song_candidates_v0_2.json */; };
		100000000000000000000031 /* canonical_artists.json in Resources */ = {isa = PBXBuildFile; fileRef = 100000000000000000000130 /* canonical_artists.json */; };
		100000000000000000000032 /* canonical_albums.json in Resources */ = {isa = PBXBuildFile; fileRef = 100000000000000000000131 /* canonical_albums.json */; };
		100000000000000000000033 /* canonical_song_recordings.json in Resources */ = {isa = PBXBuildFile; fileRef = 100000000000000000000132 /* canonical_song_recordings.json */; };
		100000000000000000000034 /* survey_artist_candidates_v0_2.json in Resources */ = {isa = PBXBuildFile; fileRef = 10000000000000000000012D /* survey_artist_candidates_v0_2.json */; };
		100000000000000000000035 /* survey_album_candidates_v0_2.json in Resources */ = {isa = PBXBuildFile; fileRef = 10000000000000000000012E /* survey_album_candidates_v0_2.json */; };
		100000000000000000000036 /* survey_song_candidates_v0_2.json in Resources */ = {isa = PBXBuildFile; fileRef = 10000000000000000000012F /* survey_song_candidates_v0_2.json */; };
		100000000000000000000037 /* canonical_artists.json in Resources */ = {isa = PBXBuildFile; fileRef = 100000000000000000000130 /* canonical_artists.json */; };
		100000000000000000000038 /* canonical_albums.json in Resources */ = {isa = PBXBuildFile; fileRef = 100000000000000000000131 /* canonical_albums.json */; };
		100000000000000000000039 /* canonical_song_recordings.json in Resources */ = {isa = PBXBuildFile; fileRef = 100000000000000000000132 /* canonical_song_recordings.json */; };
		10000000000000000000003A /* alpha_candidate_blocklist_alpha_v0.json in Resources */ = {isa = PBXBuildFile; fileRef = 100000000000000000000133 /* alpha_candidate_blocklist_alpha_v0.json */; };
		10000000000000000000003B /* alpha_candidate_blocklist_alpha_v0.json in Resources */ = {isa = PBXBuildFile; fileRef = 100000000000000000000133 /* alpha_candidate_blocklist_alpha_v0.json */; };
		10000000000000000000003D /* CanonicalAppleMusicCatalogIndex.swift in Sources */ = {isa = PBXBuildFile; fileRef = 100000000000000000000135 /* CanonicalAppleMusicCatalogIndex.swift */; };
		10000000000000000000003E /* canonical_apple_music_catalog_index_v1.json in Resources */ = {isa = PBXBuildFile; fileRef = 100000000000000000000136 /* canonical_apple_music_catalog_index_v1.json */; };
		10000000000000000000003F /* canonical_apple_music_catalog_index_v1.json in Resources */ = {isa = PBXBuildFile; fileRef = 100000000000000000000136 /* canonical_apple_music_catalog_index_v1.json */; };
		100000000000000000000040 /* AtlasExplainerModels.swift in Sources */ = {isa = PBXBuildFile; fileRef = 100000000000000000000137 /* AtlasExplainerModels.swift */; };
		100000000000000000000041 /* AtlasExplainerStore.swift in Sources */ = {isa = PBXBuildFile; fileRef = 100000000000000000000138 /* AtlasExplainerStore.swift */; };
		100000000000000000000042 /* AtlasExplainerView.swift in Sources */ = {isa = PBXBuildFile; fileRef = 100000000000000000000139 /* AtlasExplainerView.swift */; };
		100000000000000000000043 /* atlas_explainer_render_packs_v0_2_3.json in Resources */ = {isa = PBXBuildFile; fileRef = 10000000000000000000013A /* atlas_explainer_render_packs_v0_2_3.json */; };
		100000000000000000000044 /* atlas_explainer_render_packs_v0_2_3.json in Resources */ = {isa = PBXBuildFile; fileRef = 10000000000000000000013A /* atlas_explainer_render_packs_v0_2_3.json */; };
		100000000000000000000045 /* AtlasExplainerTests.swift in Sources */ = {isa = PBXBuildFile; fileRef = 10000000000000000000013B /* AtlasExplainerTests.swift */; };
		100000000000000000000046 /* AlphaAppImportMissionPayload.swift in Sources */ = {isa = PBXBuildFile; fileRef = 10000000000000000000013C /* AlphaAppImportMissionPayload.swift */; };
		100000000000000000000047 /* approved_alpha_app_import_candidates_v0_2.json in Resources */ = {isa = PBXBuildFile; fileRef = 10000000000000000000013D /* approved_alpha_app_import_candidates_v0_2.json */; };
		100000000000000000000048 /* approved_alpha_app_import_candidates_v0_2.json in Resources */ = {isa = PBXBuildFile; fileRef = 10000000000000000000013D /* approved_alpha_app_import_candidates_v0_2.json */; };
		100000000000000000000049 /* app_import_ready_alpha_uat_fixtures_v0_2.json in Resources */ = {isa = PBXBuildFile; fileRef = 10000000000000000000013E /* app_import_ready_alpha_uat_fixtures_v0_2.json */; };
		10000000000000000000004A /* app_import_ready_alpha_uat_fixtures_v0_2.json in Resources */ = {isa = PBXBuildFile; fileRef = 10000000000000000000013E /* app_import_ready_alpha_uat_fixtures_v0_2.json */; };
		10000000000000000000004B /* canonical_song_affinity_tags_v0_1.json in Resources */ = {isa = PBXBuildFile; fileRef = 10000000000000000000013F /* canonical_song_affinity_tags_v0_1.json */; };
		10000000000000000000004C /* canonical_song_affinity_tags_v0_1.json in Resources */ = {isa = PBXBuildFile; fileRef = 10000000000000000000013F /* canonical_song_affinity_tags_v0_1.json */; };
		10000000000000000000004D /* AtlasHomeReadout.swift in Sources */ = {isa = PBXBuildFile; fileRef = 100000000000000000000140 /* AtlasHomeReadout.swift */; };
		10000000000000000000004E /* AtlasHomeReadoutStore.swift in Sources */ = {isa = PBXBuildFile; fileRef = 100000000000000000000141 /* AtlasHomeReadoutStore.swift */; };
		10000000000000000000004F /* AtlasHomeReadoutView.swift in Sources */ = {isa = PBXBuildFile; fileRef = 100000000000000000000142 /* AtlasHomeReadoutView.swift */; };
		100000000000000000000050 /* atlas_home_what_were_seeing_so_far_fixture_v0_2.json in Resources */ = {isa = PBXBuildFile; fileRef = 100000000000000000000143 /* atlas_home_what_were_seeing_so_far_fixture_v0_2.json */; };
		100000000000000000000051 /* atlas_home_what_were_seeing_so_far_fixture_v0_2.json in Resources */ = {isa = PBXBuildFile; fileRef = 100000000000000000000143 /* atlas_home_what_were_seeing_so_far_fixture_v0_2.json */; };
		100000000000000000000052 /* AtlasHomeReadoutTests.swift in Sources */ = {isa = PBXBuildFile; fileRef = 100000000000000000000144 /* AtlasHomeReadoutTests.swift */; };
		100000000000000000000053 /* atlas_explainer_render_packs_v0_3.json in Resources */ = {isa = PBXBuildFile; fileRef = 100000000000000000000145 /* atlas_explainer_render_packs_v0_3.json */; };
		100000000000000000000054 /* atlas_explainer_render_packs_v0_3.json in Resources */ = {isa = PBXBuildFile; fileRef = 100000000000000000000145 /* atlas_explainer_render_packs_v0_3.json */; };
/* End PBXBuildFile section */

/* Begin PBXContainerItemProxy section */
		100000000000000000000901 /* PBXContainerItemProxy */ = {
			isa = PBXContainerItemProxy;
			containerPortal = 100000000000000000000601 /* Project object */;
			proxyType = 1;
			remoteGlobalIDString = 100000000000000000000401;
			remoteInfo = MusicAtlasController;
		};
/* End PBXContainerItemProxy section */

/* Begin PBXFileReference section */
		100000000000000000000101 /* MusicAtlasControllerApp.swift */ = {isa = PBXFileReference; lastKnownFileType = sourcecode.swift; path = MusicAtlasControllerApp.swift; sourceTree = "<group>"; };
		100000000000000000000102 /* AppModel.swift */ = {isa = PBXFileReference; lastKnownFileType = sourcecode.swift; path = AppModel.swift; sourceTree = "<group>"; };
		100000000000000000000103 /* Mission.swift */ = {isa = PBXFileReference; lastKnownFileType = sourcecode.swift; path = Mission.swift; sourceTree = "<group>"; };
		100000000000000000000104 /* ReactionSession.swift */ = {isa = PBXFileReference; lastKnownFileType = sourcecode.swift; path = ReactionSession.swift; sourceTree = "<group>"; };
		100000000000000000000105 /* MissionLoader.swift */ = {isa = PBXFileReference; lastKnownFileType = sourcecode.swift; path = MissionLoader.swift; sourceTree = "<group>"; };
		100000000000000000000106 /* MusicAuthorizationService.swift */ = {isa = PBXFileReference; lastKnownFileType = sourcecode.swift; path = MusicAuthorizationService.swift; sourceTree = "<group>"; };
		100000000000000000000107 /* RootView.swift */ = {isa = PBXFileReference; lastKnownFileType = sourcecode.swift; path = RootView.swift; sourceTree = "<group>"; };
		100000000000000000000134 /* CartenzaBrandMark.swift */ = {isa = PBXFileReference; lastKnownFileType = sourcecode.swift; path = CartenzaBrandMark.swift; sourceTree = "<group>"; };
		100000000000000000000108 /* MissionListView.swift */ = {isa = PBXFileReference; lastKnownFileType = sourcecode.swift; path = MissionListView.swift; sourceTree = "<group>"; };
		100000000000000000000109 /* MissionDetailView.swift */ = {isa = PBXFileReference; lastKnownFileType = sourcecode.swift; path = MissionDetailView.swift; sourceTree = "<group>"; };
		10000000000000000000010A /* MusicAuthorizationPanel.swift */ = {isa = PBXFileReference; lastKnownFileType = sourcecode.swift; path = MusicAuthorizationPanel.swift; sourceTree = "<group>"; };
		10000000000000000000010B /* ResolverStatusView.swift */ = {isa = PBXFileReference; lastKnownFileType = sourcecode.swift; path = ResolverStatusView.swift; sourceTree = "<group>"; };
		10000000000000000000010C /* NowTestingView.swift */ = {isa = PBXFileReference; lastKnownFileType = sourcecode.swift; path = NowTestingView.swift; sourceTree = "<group>"; };
		10000000000000000000010D /* ExportPreviewView.swift */ = {isa = PBXFileReference; lastKnownFileType = sourcecode.swift; path = ExportPreviewView.swift; sourceTree = "<group>"; };
		10000000000000000000010E /* sample_mission_love_tributaries_v0_2.json */ = {isa = PBXFileReference; lastKnownFileType = text.json; path = sample_mission_love_tributaries_v0_2.json; sourceTree = "<group>"; };
		10000000000000000000010F /* schema_mission_v0_2.json */ = {isa = PBXFileReference; lastKnownFileType = text.json; path = schema_mission_v0_2.json; sourceTree = "<group>"; };
		100000000000000000000110 /* schema_reaction_session_v0_2.json */ = {isa = PBXFileReference; lastKnownFileType = text.json; path = schema_reaction_session_v0_2.json; sourceTree = "<group>"; };
		100000000000000000000111 /* Info.plist */ = {isa = PBXFileReference; lastKnownFileType = text.plist.xml; path = Info.plist; sourceTree = "<group>"; };
		100000000000000000000112 /* MusicKitSetup.md */ = {isa = PBXFileReference; lastKnownFileType = net.daringfireball.markdown; path = MusicKitSetup.md; sourceTree = "<group>"; };
		100000000000000000000113 /* MusicAtlasController.app */ = {isa = PBXFileReference; explicitFileType = wrapper.application; includeInIndex = 0; path = MusicAtlasController.app; sourceTree = BUILT_PRODUCTS_DIR; };
		100000000000000000000114 /* MusicSearchService.swift */ = {isa = PBXFileReference; lastKnownFileType = sourcecode.swift; path = MusicSearchService.swift; sourceTree = "<group>"; };
		100000000000000000000115 /* ReactionStore.swift */ = {isa = PBXFileReference; lastKnownFileType = sourcecode.swift; path = ReactionStore.swift; sourceTree = "<group>"; };
		100000000000000000000116 /* SessionExporter.swift */ = {isa = PBXFileReference; lastKnownFileType = sourcecode.swift; path = SessionExporter.swift; sourceTree = "<group>"; };
		100000000000000000000117 /* MissionDecodingTests.swift */ = {isa = PBXFileReference; lastKnownFileType = sourcecode.swift; path = MissionDecodingTests.swift; sourceTree = "<group>"; };
		100000000000000000000118 /* SessionExporterTests.swift */ = {isa = PBXFileReference; lastKnownFileType = sourcecode.swift; path = SessionExporterTests.swift; sourceTree = "<group>"; };
		100000000000000000000119 /* MusicAtlasControllerTests.xctest */ = {isa = PBXFileReference; explicitFileType = wrapper.cfbundle; includeInIndex = 0; path = MusicAtlasControllerTests.xctest; sourceTree = BUILT_PRODUCTS_DIR; };
		10000000000000000000011A /* MusicPlaybackService.swift */ = {isa = PBXFileReference; lastKnownFileType = sourcecode.swift; path = MusicPlaybackService.swift; sourceTree = "<group>"; };
		10000000000000000000011C /* MissionReviewView.swift */ = {isa = PBXFileReference; lastKnownFileType = sourcecode.swift; path = MissionReviewView.swift; sourceTree = "<group>"; };
		10000000000000000000011E /* SessionPersistenceStore.swift */ = {isa = PBXFileReference; lastKnownFileType = sourcecode.swift; path = SessionPersistenceStore.swift; sourceTree = "<group>"; };
		10000000000000000000011F /* Survey.swift */ = {isa = PBXFileReference; lastKnownFileType = sourcecode.swift; path = Survey.swift; sourceTree = "<group>"; };
		100000000000000000000120 /* SurveyFixtureLibrary.swift */ = {isa = PBXFileReference; lastKnownFileType = sourcecode.swift; path = SurveyFixtureLibrary.swift; sourceTree = "<group>"; };
		100000000000000000000121 /* SurveyStore.swift */ = {isa = PBXFileReference; lastKnownFileType = sourcecode.swift; path = SurveyStore.swift; sourceTree = "<group>"; };
		100000000000000000000122 /* SurveyView.swift */ = {isa = PBXFileReference; lastKnownFileType = sourcecode.swift; path = SurveyView.swift; sourceTree = "<group>"; };
		100000000000000000000123 /* SurveyTests.swift */ = {isa = PBXFileReference; lastKnownFileType = sourcecode.swift; path = SurveyTests.swift; sourceTree = "<group>"; };
		100000000000000000000124 /* AppleMusicSignalPayload.swift */ = {isa = PBXFileReference; lastKnownFileType = sourcecode.swift; path = AppleMusicSignalPayload.swift; sourceTree = "<group>"; };
		100000000000000000000125 /* AppleMusicSignalProbeService.swift */ = {isa = PBXFileReference; lastKnownFileType = sourcecode.swift; path = AppleMusicSignalProbeService.swift; sourceTree = "<group>"; };
		100000000000000000000126 /* AppleMusicSignalProbeView.swift */ = {isa = PBXFileReference; lastKnownFileType = sourcecode.swift; path = AppleMusicSignalProbeView.swift; sourceTree = "<group>"; };
		100000000000000000000127 /* SurveyArtworkService.swift */ = {isa = PBXFileReference; lastKnownFileType = sourcecode.swift; path = SurveyArtworkService.swift; sourceTree = "<group>"; };
		100000000000000000000128 /* Assets.xcassets */ = {isa = PBXFileReference; lastKnownFileType = folder.assetcatalog; path = Assets.xcassets; sourceTree = "<group>"; };
		100000000000000000000129 /* alpha_compact_candidate_pool_alpha_v0.json */ = {isa = PBXFileReference; lastKnownFileType = text.json; path = alpha_compact_candidate_pool_alpha_v0.json; sourceTree = "<group>"; };
		10000000000000000000012C /* AlphaDynamicSurveyPageProvider.swift */ = {isa = PBXFileReference; lastKnownFileType = sourcecode.swift; path = AlphaDynamicSurveyPageProvider.swift; sourceTree = "<group>"; };
		10000000000000000000012D /* survey_artist_candidates_v0_2.json */ = {isa = PBXFileReference; lastKnownFileType = text.json; path = survey_artist_candidates_v0_2.json; sourceTree = "<group>"; };
		10000000000000000000012E /* survey_album_candidates_v0_2.json */ = {isa = PBXFileReference; lastKnownFileType = text.json; path = survey_album_candidates_v0_2.json; sourceTree = "<group>"; };
		10000000000000000000012F /* survey_song_candidates_v0_2.json */ = {isa = PBXFileReference; lastKnownFileType = text.json; path = survey_song_candidates_v0_2.json; sourceTree = "<group>"; };
		100000000000000000000130 /* canonical_artists.json */ = {isa = PBXFileReference; lastKnownFileType = text.json; path = canonical_artists.json; sourceTree = "<group>"; };
		100000000000000000000131 /* canonical_albums.json */ = {isa = PBXFileReference; lastKnownFileType = text.json; path = canonical_albums.json; sourceTree = "<group>"; };
		100000000000000000000132 /* canonical_song_recordings.json */ = {isa = PBXFileReference; lastKnownFileType = text.json; path = canonical_song_recordings.json; sourceTree = "<group>"; };
		100000000000000000000133 /* alpha_candidate_blocklist_alpha_v0.json */ = {isa = PBXFileReference; lastKnownFileType = text.json; path = alpha_candidate_blocklist_alpha_v0.json; sourceTree = "<group>"; };
		100000000000000000000135 /* CanonicalAppleMusicCatalogIndex.swift */ = {isa = PBXFileReference; lastKnownFileType = sourcecode.swift; path = CanonicalAppleMusicCatalogIndex.swift; sourceTree = "<group>"; };
		100000000000000000000136 /* canonical_apple_music_catalog_index_v1.json */ = {isa = PBXFileReference; lastKnownFileType = text.json; path = canonical_apple_music_catalog_index_v1.json; sourceTree = "<group>"; };
		100000000000000000000137 /* AtlasExplainerModels.swift */ = {isa = PBXFileReference; lastKnownFileType = sourcecode.swift; path = AtlasExplainerModels.swift; sourceTree = "<group>"; };
		100000000000000000000138 /* AtlasExplainerStore.swift */ = {isa = PBXFileReference; lastKnownFileType = sourcecode.swift; path = AtlasExplainerStore.swift; sourceTree = "<group>"; };
		100000000000000000000139 /* AtlasExplainerView.swift */ = {isa = PBXFileReference; lastKnownFileType = sourcecode.swift; path = AtlasExplainerView.swift; sourceTree = "<group>"; };
		10000000000000000000013A /* atlas_explainer_render_packs_v0_2_3.json */ = {isa = PBXFileReference; lastKnownFileType = text.json; path = atlas_explainer_render_packs_v0_2_3.json; sourceTree = "<group>"; };
		10000000000000000000013B /* AtlasExplainerTests.swift */ = {isa = PBXFileReference; lastKnownFileType = sourcecode.swift; path = AtlasExplainerTests.swift; sourceTree = "<group>"; };
		10000000000000000000013C /* AlphaAppImportMissionPayload.swift */ = {isa = PBXFileReference; lastKnownFileType = sourcecode.swift; path = AlphaAppImportMissionPayload.swift; sourceTree = "<group>"; };
		10000000000000000000013D /* approved_alpha_app_import_candidates_v0_2.json */ = {isa = PBXFileReference; lastKnownFileType = text.json; path = approved_alpha_app_import_candidates_v0_2.json; sourceTree = "<group>"; };
		10000000000000000000013E /* app_import_ready_alpha_uat_fixtures_v0_2.json */ = {isa = PBXFileReference; lastKnownFileType = text.json; path = app_import_ready_alpha_uat_fixtures_v0_2.json; sourceTree = "<group>"; };
		10000000000000000000013F /* canonical_song_affinity_tags_v0_1.json */ = {isa = PBXFileReference; lastKnownFileType = text.json; path = canonical_song_affinity_tags_v0_1.json; sourceTree = "<group>"; };
		100000000000000000000140 /* AtlasHomeReadout.swift */ = {isa = PBXFileReference; lastKnownFileType = sourcecode.swift; path = AtlasHomeReadout.swift; sourceTree = "<group>"; };
		100000000000000000000141 /* AtlasHomeReadoutStore.swift */ = {isa = PBXFileReference; lastKnownFileType = sourcecode.swift; path = AtlasHomeReadoutStore.swift; sourceTree = "<group>"; };
		100000000000000000000142 /* AtlasHomeReadoutView.swift */ = {isa = PBXFileReference; lastKnownFileType = sourcecode.swift; path = AtlasHomeReadoutView.swift; sourceTree = "<group>"; };
		100000000000000000000143 /* atlas_home_what_were_seeing_so_far_fixture_v0_2.json */ = {isa = PBXFileReference; lastKnownFileType = text.json; path = atlas_home_what_were_seeing_so_far_fixture_v0_2.json; sourceTree = "<group>"; };
		100000000000000000000144 /* AtlasHomeReadoutTests.swift */ = {isa = PBXFileReference; lastKnownFileType = sourcecode.swift; path = AtlasHomeReadoutTests.swift; sourceTree = "<group>"; };
		100000000000000000000145 /* atlas_explainer_render_packs_v0_3.json */ = {isa = PBXFileReference; lastKnownFileType = text.json; path = atlas_explainer_render_packs_v0_3.json; sourceTree = "<group>"; };
/* End PBXFileReference section */

/* Begin PBXFrameworksBuildPhase section */
		100000000000000000000201 /* Frameworks */ = {
			isa = PBXFrameworksBuildPhase;
			buildActionMask = 2147483647;
			files = (
			);
			runOnlyForDeploymentPostprocessing = 0;
		};
		100000000000000000000202 /* Frameworks */ = {
			isa = PBXFrameworksBuildPhase;
			buildActionMask = 2147483647;
			files = (
			);
			runOnlyForDeploymentPostprocessing = 0;
		};
/* End PBXFrameworksBuildPhase section */

/* Begin PBXGroup section */
		100000000000000000000301 = {
			isa = PBXGroup;
			children = (
				100000000000000000000302 /* MusicAtlasController */,
				100000000000000000000309 /* MusicAtlasControllerTests */,
				100000000000000000000303 /* Products */,
			);
			sourceTree = "<group>";
		};
		100000000000000000000302 /* MusicAtlasController */ = {
			isa = PBXGroup;
			children = (
				100000000000000000000101 /* MusicAtlasControllerApp.swift */,
				100000000000000000000304 /* Models */,
				100000000000000000000305 /* Services */,
				100000000000000000000306 /* Views */,
				100000000000000000000307 /* Resources */,
				100000000000000000000308 /* Support */,
			);
			path = MusicAtlasController;
			sourceTree = "<group>";
		};
		100000000000000000000303 /* Products */ = {
			isa = PBXGroup;
			children = (
				100000000000000000000113 /* MusicAtlasController.app */,
				100000000000000000000119 /* MusicAtlasControllerTests.xctest */,
			);
			name = Products;
			sourceTree = "<group>";
		};
		100000000000000000000304 /* Models */ = {
			isa = PBXGroup;
			children = (
				100000000000000000000102 /* AppModel.swift */,
				100000000000000000000103 /* Mission.swift */,
				100000000000000000000104 /* ReactionSession.swift */,
				10000000000000000000011F /* Survey.swift */,
				100000000000000000000124 /* AppleMusicSignalPayload.swift */,
				100000000000000000000140 /* AtlasHomeReadout.swift */,
				100000000000000000000137 /* AtlasExplainerModels.swift */,
				10000000000000000000013C /* AlphaAppImportMissionPayload.swift */,
			);
			path = Models;
			sourceTree = "<group>";
		};
		100000000000000000000305 /* Services */ = {
			isa = PBXGroup;
			children = (
				100000000000000000000105 /* MissionLoader.swift */,
				100000000000000000000106 /* MusicAuthorizationService.swift */,
				100000000000000000000114 /* MusicSearchService.swift */,
				100000000000000000000135 /* CanonicalAppleMusicCatalogIndex.swift */,
				100000000000000000000141 /* AtlasHomeReadoutStore.swift */,
				100000000000000000000138 /* AtlasExplainerStore.swift */,
				10000000000000000000011A /* MusicPlaybackService.swift */,
				100000000000000000000115 /* ReactionStore.swift */,
				100000000000000000000116 /* SessionExporter.swift */,
				10000000000000000000011E /* SessionPersistenceStore.swift */,
				100000000000000000000120 /* SurveyFixtureLibrary.swift */,
				10000000000000000000012C /* AlphaDynamicSurveyPageProvider.swift */,
				100000000000000000000121 /* SurveyStore.swift */,
				100000000000000000000127 /* SurveyArtworkService.swift */,
				100000000000000000000125 /* AppleMusicSignalProbeService.swift */,
			);
			path = Services;
			sourceTree = "<group>";
		};
		100000000000000000000306 /* Views */ = {
			isa = PBXGroup;
			children = (
				100000000000000000000107 /* RootView.swift */,
				100000000000000000000134 /* CartenzaBrandMark.swift */,
				100000000000000000000142 /* AtlasHomeReadoutView.swift */,
				100000000000000000000139 /* AtlasExplainerView.swift */,
				100000000000000000000108 /* MissionListView.swift */,
				100000000000000000000109 /* MissionDetailView.swift */,
				10000000000000000000010A /* MusicAuthorizationPanel.swift */,
				10000000000000000000010B /* ResolverStatusView.swift */,
				10000000000000000000010C /* NowTestingView.swift */,
				10000000000000000000011C /* MissionReviewView.swift */,
				100000000000000000000122 /* SurveyView.swift */,
				100000000000000000000126 /* AppleMusicSignalProbeView.swift */,
				10000000000000000000010D /* ExportPreviewView.swift */,
			);
			path = Views;
			sourceTree = "<group>";
		};
		100000000000000000000307 /* Resources */ = {
			isa = PBXGroup;
			children = (
				100000000000000000000129 /* alpha_compact_candidate_pool_alpha_v0.json */,
				10000000000000000000012D /* survey_artist_candidates_v0_2.json */,
				10000000000000000000012E /* survey_album_candidates_v0_2.json */,
				10000000000000000000012F /* survey_song_candidates_v0_2.json */,
				100000000000000000000130 /* canonical_artists.json */,
				100000000000000000000131 /* canonical_albums.json */,
				100000000000000000000132 /* canonical_song_recordings.json */,
				10000000000000000000013F /* canonical_song_affinity_tags_v0_1.json */,
				100000000000000000000136 /* canonical_apple_music_catalog_index_v1.json */,
				100000000000000000000143 /* atlas_home_what_were_seeing_so_far_fixture_v0_2.json */,
				100000000000000000000145 /* atlas_explainer_render_packs_v0_3.json */,
				10000000000000000000013A /* atlas_explainer_render_packs_v0_2_3.json */,
				10000000000000000000013D /* approved_alpha_app_import_candidates_v0_2.json */,
				10000000000000000000013E /* app_import_ready_alpha_uat_fixtures_v0_2.json */,
				100000000000000000000133 /* alpha_candidate_blocklist_alpha_v0.json */,
				100000000000000000000128 /* Assets.xcassets */,
				10000000000000000000010F /* schema_mission_v0_2.json */,
				100000000000000000000110 /* schema_reaction_session_v0_2.json */,
			);
			path = Resources;
			sourceTree = "<group>";
		};
		100000000000000000000308 /* Support */ = {
			isa = PBXGroup;
			children = (
				100000000000000000000111 /* Info.plist */,
				100000000000000000000112 /* MusicKitSetup.md */,
			);
			path = Support;
			sourceTree = "<group>";
		};
		100000000000000000000309 /* MusicAtlasControllerTests */ = {
			isa = PBXGroup;
			children = (
				100000000000000000000117 /* MissionDecodingTests.swift */,
				100000000000000000000118 /* SessionExporterTests.swift */,
				100000000000000000000123 /* SurveyTests.swift */,
				10000000000000000000013B /* AtlasExplainerTests.swift */,
				100000000000000000000144 /* AtlasHomeReadoutTests.swift */,
				10000000000000000000030A /* Fixtures */,
			);
			path = MusicAtlasControllerTests;
			sourceTree = "<group>";
		};
		10000000000000000000030A /* Fixtures */ = {
			isa = PBXGroup;
			children = (
				10000000000000000000010E /* sample_mission_love_tributaries_v0_2.json */,
			);
			path = Fixtures;
			sourceTree = "<group>";
		};
/* End PBXGroup section */

/* Begin PBXNativeTarget section */
		100000000000000000000401 /* MusicAtlasController */ = {
			isa = PBXNativeTarget;
			buildConfigurationList = 100000000000000000000701 /* Build configuration list for PBXNativeTarget "MusicAtlasController" */;
			buildPhases = (
				100000000000000000000501 /* Sources */,
				100000000000000000000201 /* Frameworks */,
				100000000000000000000502 /* Resources */,
				100000000000000000000505 /* Strip App Bundle Extended Attributes */,
			);
			buildRules = (
			);
			dependencies = (
			);
			name = MusicAtlasController;
			productName = MusicAtlasController;
			productReference = 100000000000000000000113 /* MusicAtlasController.app */;
			productType = "com.apple.product-type.application";
		};
		100000000000000000000402 /* MusicAtlasControllerTests */ = {
			isa = PBXNativeTarget;
			buildConfigurationList = 100000000000000000000702 /* Build configuration list for PBXNativeTarget "MusicAtlasControllerTests" */;
			buildPhases = (
				100000000000000000000503 /* Sources */,
				100000000000000000000202 /* Frameworks */,
				100000000000000000000504 /* Resources */,
			);
			buildRules = (
			);
			dependencies = (
				100000000000000000000902 /* PBXTargetDependency */,
			);
			name = MusicAtlasControllerTests;
			productName = MusicAtlasControllerTests;
			productReference = 100000000000000000000119 /* MusicAtlasControllerTests.xctest */;
			productType = "com.apple.product-type.bundle.unit-test";
		};
/* End PBXNativeTarget section */

/* Begin PBXProject section */
		100000000000000000000601 /* Project object */ = {
			isa = PBXProject;
			attributes = {
				BuildIndependentTargetsInParallel = 1;
				LastSwiftUpdateCheck = 2600;
				LastUpgradeCheck = 2650;
				TargetAttributes = {
					100000000000000000000401 = {
						CreatedOnToolsVersion = 16.0;
					};
					100000000000000000000402 = {
						CreatedOnToolsVersion = 16.0;
						TestTargetID = 100000000000000000000401;
					};
				};
			};
			buildConfigurationList = 100000000000000000000700 /* Build configuration list for PBXProject "MusicAtlasController" */;
			compatibilityVersion = "Xcode 15.0";
			developmentRegion = en;
			hasScannedForEncodings = 0;
			knownRegions = (
				en,
				Base,
			);
			mainGroup = 100000000000000000000301;
			productRefGroup = 100000000000000000000303 /* Products */;
			projectDirPath = "";
			projectRoot = "";
			targets = (
				100000000000000000000401 /* MusicAtlasController */,
				100000000000000000000402 /* MusicAtlasControllerTests */,
			);
		};
/* End PBXProject section */

/* Begin PBXResourcesBuildPhase section */
		100000000000000000000502 /* Resources */ = {
			isa = PBXResourcesBuildPhase;
			buildActionMask = 2147483647;
			files = (
				100000000000000000000028 /* alpha_compact_candidate_pool_alpha_v0.json in Resources */,
				10000000000000000000002E /* survey_artist_candidates_v0_2.json in Resources */,
				10000000000000000000002F /* survey_album_candidates_v0_2.json in Resources */,
				100000000000000000000030 /* survey_song_candidates_v0_2.json in Resources */,
				100000000000000000000031 /* canonical_artists.json in Resources */,
				100000000000000000000032 /* canonical_albums.json in Resources */,
				100000000000000000000033 /* canonical_song_recordings.json in Resources */,
				10000000000000000000004B /* canonical_song_affinity_tags_v0_1.json in Resources */,
				10000000000000000000003E /* canonical_apple_music_catalog_index_v1.json in Resources */,
				100000000000000000000050 /* atlas_home_what_were_seeing_so_far_fixture_v0_2.json in Resources */,
				100000000000000000000053 /* atlas_explainer_render_packs_v0_3.json in Resources */,
				100000000000000000000043 /* atlas_explainer_render_packs_v0_2_3.json in Resources */,
				100000000000000000000047 /* approved_alpha_app_import_candidates_v0_2.json in Resources */,
				100000000000000000000049 /* app_import_ready_alpha_uat_fixtures_v0_2.json in Resources */,
				10000000000000000000003A /* alpha_candidate_blocklist_alpha_v0.json in Resources */,
				100000000000000000000027 /* Assets.xcassets in Resources */,
				10000000000000000000000F /* schema_mission_v0_2.json in Resources */,
				100000000000000000000010 /* schema_reaction_session_v0_2.json in Resources */,
			);
			runOnlyForDeploymentPostprocessing = 0;
		};
		100000000000000000000504 /* Resources */ = {
			isa = PBXResourcesBuildPhase;
			buildActionMask = 2147483647;
			files = (
				100000000000000000000016 /* sample_mission_love_tributaries_v0_2.json in Resources */,
				100000000000000000000029 /* alpha_compact_candidate_pool_alpha_v0.json in Resources */,
				100000000000000000000034 /* survey_artist_candidates_v0_2.json in Resources */,
				100000000000000000000035 /* survey_album_candidates_v0_2.json in Resources */,
				100000000000000000000036 /* survey_song_candidates_v0_2.json in Resources */,
				100000000000000000000037 /* canonical_artists.json in Resources */,
				100000000000000000000038 /* canonical_albums.json in Resources */,
				100000000000000000000039 /* canonical_song_recordings.json in Resources */,
				10000000000000000000004C /* canonical_song_affinity_tags_v0_1.json in Resources */,
				10000000000000000000003F /* canonical_apple_music_catalog_index_v1.json in Resources */,
				100000000000000000000051 /* atlas_home_what_were_seeing_so_far_fixture_v0_2.json in Resources */,
				100000000000000000000054 /* atlas_explainer_render_packs_v0_3.json in Resources */,
				100000000000000000000044 /* atlas_explainer_render_packs_v0_2_3.json in Resources */,
				100000000000000000000048 /* approved_alpha_app_import_candidates_v0_2.json in Resources */,
				10000000000000000000004A /* app_import_ready_alpha_uat_fixtures_v0_2.json in Resources */,
				10000000000000000000003B /* alpha_candidate_blocklist_alpha_v0.json in Resources */,
			);
			runOnlyForDeploymentPostprocessing = 0;
		};
/* End PBXResourcesBuildPhase section */

/* Begin PBXShellScriptBuildPhase section */
		100000000000000000000505 /* Strip App Bundle Extended Attributes */ = {
			isa = PBXShellScriptBuildPhase;
			alwaysOutOfDate = 1;
			buildActionMask = 2147483647;
			files = (
			);
			inputFileListPaths = (
			);
			inputPaths = (
				"$(TARGET_BUILD_DIR)/$(WRAPPER_NAME)",
			);
			name = "Strip App Bundle Extended Attributes";
			outputFileListPaths = (
			);
			outputPaths = (
			);
			runOnlyForDeploymentPostprocessing = 0;
			shellPath = /bin/sh;
			shellScript = "app_bundle=\"${CODESIGNING_FOLDER_PATH:-${TARGET_BUILD_DIR}/${WRAPPER_NAME}}\"\nif [ -d \"${app_bundle}\" ]; then\n  /usr/bin/xattr -cr \"${app_bundle}\"\nfi\n";
		};
/* End PBXShellScriptBuildPhase section */

/* Begin PBXSourcesBuildPhase section */
		100000000000000000000501 /* Sources */ = {
			isa = PBXSourcesBuildPhase;
			buildActionMask = 2147483647;
			files = (
				100000000000000000000001 /* MusicAtlasControllerApp.swift in Sources */,
				100000000000000000000002 /* AppModel.swift in Sources */,
				10000000000000000000004D /* AtlasHomeReadout.swift in Sources */,
				100000000000000000000040 /* AtlasExplainerModels.swift in Sources */,
				100000000000000000000046 /* AlphaAppImportMissionPayload.swift in Sources */,
				100000000000000000000003 /* Mission.swift in Sources */,
				100000000000000000000004 /* ReactionSession.swift in Sources */,
				100000000000000000000005 /* MissionLoader.swift in Sources */,
				100000000000000000000006 /* MusicAuthorizationService.swift in Sources */,
				100000000000000000000007 /* RootView.swift in Sources */,
				10000000000000000000003C /* CartenzaBrandMark.swift in Sources */,
				100000000000000000000042 /* AtlasExplainerView.swift in Sources */,
				100000000000000000000008 /* MissionListView.swift in Sources */,
				100000000000000000000009 /* MissionDetailView.swift in Sources */,
				10000000000000000000000A /* MusicAuthorizationPanel.swift in Sources */,
				10000000000000000000000B /* ResolverStatusView.swift in Sources */,
				10000000000000000000000C /* NowTestingView.swift in Sources */,
				10000000000000000000001A /* MissionReviewView.swift in Sources */,
				10000000000000000000000D /* ExportPreviewView.swift in Sources */,
				100000000000000000000011 /* MusicSearchService.swift in Sources */,
				10000000000000000000003D /* CanonicalAppleMusicCatalogIndex.swift in Sources */,
				10000000000000000000004E /* AtlasHomeReadoutStore.swift in Sources */,
				100000000000000000000041 /* AtlasExplainerStore.swift in Sources */,
				100000000000000000000017 /* MusicPlaybackService.swift in Sources */,
				100000000000000000000012 /* ReactionStore.swift in Sources */,
				100000000000000000000013 /* SessionExporter.swift in Sources */,
				10000000000000000000001D /* SessionPersistenceStore.swift in Sources */,
				10000000000000000000001E /* Survey.swift in Sources */,
				10000000000000000000001F /* SurveyFixtureLibrary.swift in Sources */,
				10000000000000000000002D /* AlphaDynamicSurveyPageProvider.swift in Sources */,
				100000000000000000000020 /* SurveyStore.swift in Sources */,
				100000000000000000000021 /* SurveyView.swift in Sources */,
				100000000000000000000023 /* AppleMusicSignalPayload.swift in Sources */,
				100000000000000000000024 /* AppleMusicSignalProbeService.swift in Sources */,
				100000000000000000000025 /* AppleMusicSignalProbeView.swift in Sources */,
				10000000000000000000004F /* AtlasHomeReadoutView.swift in Sources */,
				100000000000000000000026 /* SurveyArtworkService.swift in Sources */,
			);
			runOnlyForDeploymentPostprocessing = 0;
		};
		100000000000000000000503 /* Sources */ = {
			isa = PBXSourcesBuildPhase;
			buildActionMask = 2147483647;
			files = (
				100000000000000000000014 /* MissionDecodingTests.swift in Sources */,
				100000000000000000000015 /* SessionExporterTests.swift in Sources */,
				100000000000000000000022 /* SurveyTests.swift in Sources */,
				100000000000000000000045 /* AtlasExplainerTests.swift in Sources */,
				100000000000000000000052 /* AtlasHomeReadoutTests.swift in Sources */,
			);
			runOnlyForDeploymentPostprocessing = 0;
		};
/* End PBXSourcesBuildPhase section */

/* Begin PBXTargetDependency section */
		100000000000000000000902 /* PBXTargetDependency */ = {
			isa = PBXTargetDependency;
			target = 100000000000000000000401 /* MusicAtlasController */;
			targetProxy = 100000000000000000000901 /* PBXContainerItemProxy */;
		};
/* End PBXTargetDependency section */

/* Begin XCBuildConfiguration section */
		100000000000000000000801 /* Debug */ = {
			isa = XCBuildConfiguration;
			buildSettings = {
				ALWAYS_SEARCH_USER_PATHS = NO;
				CLANG_ANALYZER_NONNULL = YES;
				CLANG_ANALYZER_NUMBER_OBJECT_CONVERSION = YES_AGGRESSIVE;
				CLANG_CXX_LANGUAGE_STANDARD = "gnu++20";
				CLANG_ENABLE_MODULES = YES;
				CLANG_ENABLE_OBJC_ARC = YES;
				CLANG_ENABLE_OBJC_WEAK = YES;
				CLANG_WARN_BLOCK_CAPTURE_AUTORELEASING = YES;
				CLANG_WARN_BOOL_CONVERSION = YES;
				CLANG_WARN_COMMA = YES;
				CLANG_WARN_CONSTANT_CONVERSION = YES;
				CLANG_WARN_DEPRECATED_OBJC_IMPLEMENTATIONS = YES;
				CLANG_WARN_DIRECT_OBJC_ISA_USAGE = YES_ERROR;
				CLANG_WARN_DOCUMENTATION_COMMENTS = YES;
				CLANG_WARN_EMPTY_BODY = YES;
				CLANG_WARN_ENUM_CONVERSION = YES;
				CLANG_WARN_INFINITE_RECURSION = YES;
				CLANG_WARN_INT_CONVERSION = YES;
				CLANG_WARN_NON_LITERAL_NULL_CONVERSION = YES;
				CLANG_WARN_OBJC_IMPLICIT_RETAIN_SELF = YES;
				CLANG_WARN_OBJC_LITERAL_CONVERSION = YES;
				CLANG_WARN_OBJC_ROOT_CLASS = YES_ERROR;
				CLANG_WARN_QUOTED_INCLUDE_IN_FRAMEWORK_HEADER = YES;
				CLANG_WARN_RANGE_LOOP_ANALYSIS = YES;
				CLANG_WARN_STRICT_PROTOTYPES = YES;
				CLANG_WARN_SUSPICIOUS_MOVE = YES;
				CLANG_WARN_UNGUARDED_AVAILABILITY = YES_AGGRESSIVE;
				CLANG_WARN_UNREACHABLE_CODE = YES;
				CLANG_WARN__DUPLICATE_METHOD_MATCH = YES;
				COPY_PHASE_STRIP = NO;
				DEBUG_INFORMATION_FORMAT = dwarf;
				DEVELOPMENT_TEAM = 7XQQ46X8QQ;
				ENABLE_STRICT_OBJC_MSGSEND = YES;
				ENABLE_TESTABILITY = YES;
				ENABLE_USER_SCRIPT_SANDBOXING = YES;
				GCC_C_LANGUAGE_STANDARD = gnu17;
				GCC_DYNAMIC_NO_PIC = NO;
				GCC_NO_COMMON_BLOCKS = YES;
				GCC_OPTIMIZATION_LEVEL = 0;
				GCC_PREPROCESSOR_DEFINITIONS = (
					"DEBUG=1",
					"$(inherited)",
				);
				GCC_WARN_64_TO_32_BIT_CONVERSION = YES;
				GCC_WARN_ABOUT_RETURN_TYPE = YES_ERROR;
				GCC_WARN_UNDECLARED_SELECTOR = YES;
				GCC_WARN_UNINITIALIZED_AUTOS = YES_AGGRESSIVE;
				GCC_WARN_UNUSED_FUNCTION = YES;
				GCC_WARN_UNUSED_VARIABLE = YES;
				IPHONEOS_DEPLOYMENT_TARGET = 17.0;
				ONLY_ACTIVE_ARCH = YES;
				SDKROOT = iphoneos;
				STRING_CATALOG_GENERATE_SYMBOLS = YES;
				SWIFT_ACTIVE_COMPILATION_CONDITIONS = DEBUG;
				SWIFT_OPTIMIZATION_LEVEL = "-Onone";
			};
			name = Debug;
		};
		100000000000000000000802 /* Release */ = {
			isa = XCBuildConfiguration;
			buildSettings = {
				ALWAYS_SEARCH_USER_PATHS = NO;
				CLANG_ANALYZER_NONNULL = YES;
				CLANG_ANALYZER_NUMBER_OBJECT_CONVERSION = YES_AGGRESSIVE;
				CLANG_CXX_LANGUAGE_STANDARD = "gnu++20";
				CLANG_ENABLE_MODULES = YES;
				CLANG_ENABLE_OBJC_ARC = YES;
				CLANG_ENABLE_OBJC_WEAK = YES;
				CLANG_WARN_BLOCK_CAPTURE_AUTORELEASING = YES;
				CLANG_WARN_BOOL_CONVERSION = YES;
				CLANG_WARN_COMMA = YES;
				CLANG_WARN_CONSTANT_CONVERSION = YES;
				CLANG_WARN_DEPRECATED_OBJC_IMPLEMENTATIONS = YES;
				CLANG_WARN_DIRECT_OBJC_ISA_USAGE = YES_ERROR;
				CLANG_WARN_DOCUMENTATION_COMMENTS = YES;
				CLANG_WARN_EMPTY_BODY = YES;
				CLANG_WARN_ENUM_CONVERSION = YES;
				CLANG_WARN_INFINITE_RECURSION = YES;
				CLANG_WARN_INT_CONVERSION = YES;
				CLANG_WARN_NON_LITERAL_NULL_CONVERSION = YES;
				CLANG_WARN_OBJC_IMPLICIT_RETAIN_SELF = YES;
				CLANG_WARN_OBJC_LITERAL_CONVERSION = YES;
				CLANG_WARN_OBJC_ROOT_CLASS = YES_ERROR;
				CLANG_WARN_QUOTED_INCLUDE_IN_FRAMEWORK_HEADER = YES;
				CLANG_WARN_RANGE_LOOP_ANALYSIS = YES;
				CLANG_WARN_STRICT_PROTOTYPES = YES;
				CLANG_WARN_SUSPICIOUS_MOVE = YES;
				CLANG_WARN_UNGUARDED_AVAILABILITY = YES_AGGRESSIVE;
				CLANG_WARN_UNREACHABLE_CODE = YES;
				CLANG_WARN__DUPLICATE_METHOD_MATCH = YES;
				COPY_PHASE_STRIP = NO;
				DEBUG_INFORMATION_FORMAT = "dwarf-with-dsym";
				DEVELOPMENT_TEAM = 7XQQ46X8QQ;
				ENABLE_NS_ASSERTIONS = NO;
				ENABLE_STRICT_OBJC_MSGSEND = YES;
				ENABLE_USER_SCRIPT_SANDBOXING = YES;
				GCC_C_LANGUAGE_STANDARD = gnu17;
				GCC_NO_COMMON_BLOCKS = YES;
				GCC_WARN_64_TO_32_BIT_CONVERSION = YES;
				GCC_WARN_ABOUT_RETURN_TYPE = YES_ERROR;
				GCC_WARN_UNDECLARED_SELECTOR = YES;
				GCC_WARN_UNINITIALIZED_AUTOS = YES_AGGRESSIVE;
				GCC_WARN_UNUSED_FUNCTION = YES;
				GCC_WARN_UNUSED_VARIABLE = YES;
				IPHONEOS_DEPLOYMENT_TARGET = 17.0;
				SDKROOT = iphoneos;
				STRING_CATALOG_GENERATE_SYMBOLS = YES;
				SWIFT_COMPILATION_MODE = wholemodule;
				SWIFT_OPTIMIZATION_LEVEL = "-O";
				VALIDATE_PRODUCT = YES;
			};
			name = Release;
		};
		100000000000000000000803 /* Debug */ = {
			isa = XCBuildConfiguration;
			buildSettings = {
				ASSETCATALOG_COMPILER_APPICON_NAME = AppIcon;
				CODE_SIGN_ENTITLEMENTS = MusicAtlasController/Support/MusicAtlasController.entitlements;
				CODE_SIGN_IDENTITY = "Apple Development";
				CODE_SIGN_STYLE = Automatic;
				CARTENZA_SUPABASE_ANON_KEY = "$(WAYMARK_SUPABASE_ANON_KEY)";
				CURRENT_PROJECT_VERSION = 54;
				DEVELOPMENT_ASSET_PATHS = "";
				DEVELOPMENT_TEAM = 7XQQ46X8QQ;
				ENABLE_USER_SCRIPT_SANDBOXING = NO;
				EXCLUDED_SOURCE_FILE_NAMES = "";
				GENERATE_INFOPLIST_FILE = NO;
				INFOPLIST_FILE = MusicAtlasController/Support/Info.plist;
				IPHONEOS_DEPLOYMENT_TARGET = 17.0;
				LD_RUNPATH_SEARCH_PATHS = (
					"$(inherited)",
					"@executable_path/Frameworks",
				);
				MARKETING_VERSION = 0.3;
				PRODUCT_BUNDLE_IDENTIFIER = com.vytisstudios.MusicAtlasController;
				PRODUCT_NAME = "$(TARGET_NAME)";
				PROVISIONING_PROFILE_SPECIFIER = "";
				SUPPORTED_PLATFORMS = "iphoneos iphonesimulator";
				SWIFT_EMIT_LOC_STRINGS = YES;
				SWIFT_VERSION = 5.0;
				TARGETED_DEVICE_FAMILY = "1,2";
			};
			name = Debug;
		};
		100000000000000000000804 /* Release */ = {
			isa = XCBuildConfiguration;
			buildSettings = {
				ASSETCATALOG_COMPILER_APPICON_NAME = AppIcon;
				CODE_SIGN_ENTITLEMENTS = MusicAtlasController/Support/MusicAtlasController.entitlements;
				CODE_SIGN_IDENTITY = "Apple Development";
				CODE_SIGN_STYLE = Automatic;
				CARTENZA_SUPABASE_ANON_KEY = "$(WAYMARK_SUPABASE_ANON_KEY)";
				CURRENT_PROJECT_VERSION = 54;
				DEVELOPMENT_ASSET_PATHS = "";
				DEVELOPMENT_TEAM = 7XQQ46X8QQ;
				ENABLE_USER_SCRIPT_SANDBOXING = NO;
				EXCLUDED_SOURCE_FILE_NAMES = "";
				GENERATE_INFOPLIST_FILE = NO;
				INFOPLIST_FILE = MusicAtlasController/Support/Info.plist;
				IPHONEOS_DEPLOYMENT_TARGET = 17.0;
				LD_RUNPATH_SEARCH_PATHS = (
					"$(inherited)",
					"@executable_path/Frameworks",
				);
				MARKETING_VERSION = 0.3;
				PRODUCT_BUNDLE_IDENTIFIER = com.vytisstudios.MusicAtlasController;
				PRODUCT_NAME = "$(TARGET_NAME)";
				PROVISIONING_PROFILE_SPECIFIER = "";
				SUPPORTED_PLATFORMS = "iphoneos iphonesimulator";
				SWIFT_EMIT_LOC_STRINGS = YES;
				SWIFT_VERSION = 5.0;
				TARGETED_DEVICE_FAMILY = "1,2";
			};
			name = Release;
		};
		100000000000000000000805 /* Debug */ = {
			isa = XCBuildConfiguration;
			buildSettings = {
				BUNDLE_LOADER = "$(TEST_HOST)";
				CODE_SIGN_STYLE = Automatic;
				CURRENT_PROJECT_VERSION = 54;
				GENERATE_INFOPLIST_FILE = YES;
				IPHONEOS_DEPLOYMENT_TARGET = 17.0;
				LD_RUNPATH_SEARCH_PATHS = (
					"$(inherited)",
					"@executable_path/Frameworks",
					"@loader_path/Frameworks",
				);
				MARKETING_VERSION = 0.3;
				PRODUCT_BUNDLE_IDENTIFIER = com.vytisstudios.MusicAtlasControllerTests;
				PRODUCT_NAME = "$(TARGET_NAME)";
				SUPPORTED_PLATFORMS = "iphoneos iphonesimulator";
				SWIFT_VERSION = 5.0;
				TARGETED_DEVICE_FAMILY = "1,2";
				TEST_HOST = "$(BUILT_PRODUCTS_DIR)/MusicAtlasController.app/$(BUNDLE_EXECUTABLE_FOLDER_PATH)/MusicAtlasController";
			};
			name = Debug;
		};
		100000000000000000000806 /* Release */ = {
			isa = XCBuildConfiguration;
			buildSettings = {
				BUNDLE_LOADER = "$(TEST_HOST)";
				CODE_SIGN_STYLE = Automatic;
				CURRENT_PROJECT_VERSION = 54;
				GENERATE_INFOPLIST_FILE = YES;
				IPHONEOS_DEPLOYMENT_TARGET = 17.0;
				LD_RUNPATH_SEARCH_PATHS = (
					"$(inherited)",
					"@executable_path/Frameworks",
					"@loader_path/Frameworks",
				);
				MARKETING_VERSION = 0.3;
				PRODUCT_BUNDLE_IDENTIFIER = com.vytisstudios.MusicAtlasControllerTests;
				PRODUCT_NAME = "$(TARGET_NAME)";
				SUPPORTED_PLATFORMS = "iphoneos iphonesimulator";
				SWIFT_VERSION = 5.0;
				TARGETED_DEVICE_FAMILY = "1,2";
				TEST_HOST = "$(BUILT_PRODUCTS_DIR)/MusicAtlasController.app/$(BUNDLE_EXECUTABLE_FOLDER_PATH)/MusicAtlasController";
			};
			name = Release;
		};
/* End XCBuildConfiguration section */

/* Begin XCConfigurationList section */
		100000000000000000000700 /* Build configuration list for PBXProject "MusicAtlasController" */ = {
			isa = XCConfigurationList;
			buildConfigurations = (
				100000000000000000000801 /* Debug */,
				100000000000000000000802 /* Release */,
			);
			defaultConfigurationIsVisible = 0;
			defaultConfigurationName = Release;
		};
		100000000000000000000701 /* Build configuration list for PBXNativeTarget "MusicAtlasController" */ = {
			isa = XCConfigurationList;
			buildConfigurations = (
				100000000000000000000803 /* Debug */,
				100000000000000000000804 /* Release */,
			);
			defaultConfigurationIsVisible = 0;
			defaultConfigurationName = Release;
		};
		100000000000000000000702 /* Build configuration list for PBXNativeTarget "MusicAtlasControllerTests" */ = {
			isa = XCConfigurationList;
			buildConfigurations = (
				100000000000000000000805 /* Debug */,
				100000000000000000000806 /* Release */,
			);
			defaultConfigurationIsVisible = 0;
			defaultConfigurationName = Release;
		};
/* End XCConfigurationList section */
	};
	rootObject = 100000000000000000000601 /* Project object */;
}
